// !$*UTF8*$!
{
	archiveVersion = 1;
	classes = {
	};
	objectVersion = 56;
	objects = {

/* Begin PBXBuildFile section */
		AF241DED2BB9BF2300B892DB /* CoachTabView.swift in Sources */ = {isa = PBXBuildFile; fileRef = AF241DEC2BB9BF2300B892DB /* CoachTabView.swift */; };
		AF241DEF2BB9D62800B892DB /* String + validEmail.swift in Sources */ = {isa = PBXBuildFile; fileRef = AF241DEE2BB9D62800B892DB /* String + validEmail.swift */; };
		AF24EADA2BC06C53000E8838 /* appVersionGetter.swift in Sources */ = {isa = PBXBuildFile; fileRef = AF24EAD92BC06C53000E8838 /* appVersionGetter.swift */; };
		AF383AEC2BB1E9FD00EB7833 /* Lottie in Frameworks */ = {isa = PBXBuildFile; productRef = AF383AEB2BB1E9FD00EB7833 /* Lottie */; };
		AF383AEE2BB1EAB100EB7833 /* LottieLoader.swift in Sources */ = {isa = PBXBuildFile; fileRef = AF383AED2BB1EAB100EB7833 /* LottieLoader.swift */; };
		AF383AF02BB1EB4900EB7833 /* gym11.json in Resources */ = {isa = PBXBuildFile; fileRef = AF383AEF2BB1EB4800EB7833 /* gym11.json */; };
		AF4DB74B2BB3381D007D4D26 /* EditProfileView.swift in Sources */ = {isa = PBXBuildFile; fileRef = AF4DB74A2BB3381D007D4D26 /* EditProfileView.swift */; };
		AF4DB7512BB341CA007D4D26 /* EditProfileViewModel.swift in Sources */ = {isa = PBXBuildFile; fileRef = AF4DB7502BB341CA007D4D26 /* EditProfileViewModel.swift */; };
		AF6ACB0A2BB3D3C3002FBB00 /* ImageUploader.swift in Sources */ = {isa = PBXBuildFile; fileRef = AF6ACB092BB3D3C3002FBB00 /* ImageUploader.swift */; };
		AF6ACB0D2BB3DC1E002FBB00 /* Kingfisher in Frameworks */ = {isa = PBXBuildFile; productRef = AF6ACB0C2BB3DC1E002FBB00 /* Kingfisher */; };
		AF6ACB632BB40ABD002FBB00 /* CircularProfileImageView.swift in Sources */ = {isa = PBXBuildFile; fileRef = AF6ACB622BB40ABD002FBB00 /* CircularProfileImageView.swift */; };
		AF6ACB692BB46DB2002FBB00 /* FeedViewModel.swift in Sources */ = {isa = PBXBuildFile; fileRef = AF6ACB682BB46DB2002FBB00 /* FeedViewModel.swift */; };
		AF6ACB6B2BB4780A002FBB00 /* PostService.swift in Sources */ = {isa = PBXBuildFile; fileRef = AF6ACB6A2BB4780A002FBB00 /* PostService.swift */; };
		AF6ACB6F2BB47C87002FBB00 /* PostGridViewModel.swift in Sources */ = {isa = PBXBuildFile; fileRef = AF6ACB6E2BB47C87002FBB00 /* PostGridViewModel.swift */; };
		AF8C6C4C2BB12D5C00C47306 /* LUPinstaV2App.swift in Sources */ = {isa = PBXBuildFile; fileRef = AF8C6C4B2BB12D5C00C47306 /* LUPinstaV2App.swift */; };
		AF8C6C4E2BB12D5C00C47306 /* ContentView.swift in Sources */ = {isa = PBXBuildFile; fileRef = AF8C6C4D2BB12D5C00C47306 /* ContentView.swift */; };
		AF8C6C532BB12D5D00C47306 /* Preview Assets.xcassets in Resources */ = {isa = PBXBuildFile; fileRef = AF8C6C522BB12D5D00C47306 /* Preview Assets.xcassets */; };
		AF8C6C672BB12F1A00C47306 /* LoginView.swift in Sources */ = {isa = PBXBuildFile; fileRef = AF8C6C662BB12F1A00C47306 /* LoginView.swift */; };
		AF8C6C692BB12F2800C47306 /* AddEmailView.swift in Sources */ = {isa = PBXBuildFile; fileRef = AF8C6C682BB12F2800C47306 /* AddEmailView.swift */; };
		AF8C6C6B2BB12F3700C47306 /* CreateUsernameView.swift in Sources */ = {isa = PBXBuildFile; fileRef = AF8C6C6A2BB12F3700C47306 /* CreateUsernameView.swift */; };
		AF8C6C6E2BB12F5400C47306 /* CreatePasswordView.swift in Sources */ = {isa = PBXBuildFile; fileRef = AF8C6C6D2BB12F5400C47306 /* CreatePasswordView.swift */; };
		AF8C6C702BB12F6600C47306 /* CompleteSignUpView.swift in Sources */ = {isa = PBXBuildFile; fileRef = AF8C6C6F2BB12F6600C47306 /* CompleteSignUpView.swift */; };
		AF8C6C722BB12F7F00C47306 /* UserStatView.swift in Sources */ = {isa = PBXBuildFile; fileRef = AF8C6C712BB12F7F00C47306 /* UserStatView.swift */; };
		AF8C6C742BB12F9700C47306 /* LUPTextFieldModifier.swift in Sources */ = {isa = PBXBuildFile; fileRef = AF8C6C732BB12F9700C47306 /* LUPTextFieldModifier.swift */; };
		AF8C6C762BB12FAB00C47306 /* PostGridView.swift in Sources */ = {isa = PBXBuildFile; fileRef = AF8C6C752BB12FAB00C47306 /* PostGridView.swift */; };
		AF8C6C782BB12FBE00C47306 /* FeedView.swift in Sources */ = {isa = PBXBuildFile; fileRef = AF8C6C772BB12FBE00C47306 /* FeedView.swift */; };
		AF8C6C7A2BB12FC500C47306 /* FeedCell.swift in Sources */ = {isa = PBXBuildFile; fileRef = AF8C6C792BB12FC500C47306 /* FeedCell.swift */; };
		AF8C6C7C2BB12FD900C47306 /* ProfileView.swift in Sources */ = {isa = PBXBuildFile; fileRef = AF8C6C7B2BB12FD900C47306 /* ProfileView.swift */; };
		AF8C6C7E2BB12FE800C47306 /* CurrentUserProfileView.swift in Sources */ = {isa = PBXBuildFile; fileRef = AF8C6C7D2BB12FE800C47306 /* CurrentUserProfileView.swift */; };
		AF8C6C802BB12FFB00C47306 /* ProfileHeaderView.swift in Sources */ = {isa = PBXBuildFile; fileRef = AF8C6C7F2BB12FFB00C47306 /* ProfileHeaderView.swift */; };
		AF8C6C822BB1301600C47306 /* SearchView.swift in Sources */ = {isa = PBXBuildFile; fileRef = AF8C6C812BB1301600C47306 /* SearchView.swift */; };
		AF8C6C842BB1309000C47306 /* TraineeTabView.swift in Sources */ = {isa = PBXBuildFile; fileRef = AF8C6C832BB1309000C47306 /* TraineeTabView.swift */; };
		AF8C6C862BB130A400C47306 /* UploadPostView.swift in Sources */ = {isa = PBXBuildFile; fileRef = AF8C6C852BB130A400C47306 /* UploadPostView.swift */; };
		AF8C6C882BB130B100C47306 /* UploadPostViewModel.swift in Sources */ = {isa = PBXBuildFile; fileRef = AF8C6C872BB130B100C47306 /* UploadPostViewModel.swift */; };
		AF8C6C8A2BB130CA00C47306 /* User.swift in Sources */ = {isa = PBXBuildFile; fileRef = AF8C6C892BB130CA00C47306 /* User.swift */; };
		AF8C6C8C2BB130E000C47306 /* Post.swift in Sources */ = {isa = PBXBuildFile; fileRef = AF8C6C8B2BB130E000C47306 /* Post.swift */; };
		AF8C6C8E2BB130F000C47306 /* ExerciseSession.swift in Sources */ = {isa = PBXBuildFile; fileRef = AF8C6C8D2BB130F000C47306 /* ExerciseSession.swift */; };
		AF8C6C912BB1336F00C47306 /* FirebaseAuth in Frameworks */ = {isa = PBXBuildFile; productRef = AF8C6C902BB1336F00C47306 /* FirebaseAuth */; };
		AF8C6C932BB1336F00C47306 /* FirebaseFirestore in Frameworks */ = {isa = PBXBuildFile; productRef = AF8C6C922BB1336F00C47306 /* FirebaseFirestore */; };
		AF8C6C952BB1336F00C47306 /* FirebaseFirestoreSwift in Frameworks */ = {isa = PBXBuildFile; productRef = AF8C6C942BB1336F00C47306 /* FirebaseFirestoreSwift */; };
		AF8C6C972BB1336F00C47306 /* FirebaseStorage in Frameworks */ = {isa = PBXBuildFile; productRef = AF8C6C962BB1336F00C47306 /* FirebaseStorage */; };
		AF9B63A02BC3066A001209BA /* MainMessagesView.swift in Sources */ = {isa = PBXBuildFile; fileRef = AF9B639F2BC3066A001209BA /* MainMessagesView.swift */; };
		AF9B63A72BC3DC53001209BA /* ChatUser.swift in Sources */ = {isa = PBXBuildFile; fileRef = AF9B63A42BC3DC53001209BA /* ChatUser.swift */; };
		AF9B63A82BC3DC53001209BA /* ChatMessage.swift in Sources */ = {isa = PBXBuildFile; fileRef = AF9B63A52BC3DC53001209BA /* ChatMessage.swift */; };
		AF9B63A92BC3DC53001209BA /* RecentMessage.swift in Sources */ = {isa = PBXBuildFile; fileRef = AF9B63A62BC3DC53001209BA /* RecentMessage.swift */; };
		AFA08D752BBB13E800F62DEE /* ButtonStylePressed.swift in Sources */ = {isa = PBXBuildFile; fileRef = AFA08D742BBB13E800F62DEE /* ButtonStylePressed.swift */; };
		AFA08D792BBB150B00F62DEE /* Assets.xcassets in Resources */ = {isa = PBXBuildFile; fileRef = AFA08D772BBB150B00F62DEE /* Assets.xcassets */; };
		AFA08D7B2BBB156E00F62DEE /* MyParticle.sks in Resources */ = {isa = PBXBuildFile; fileRef = AFA08D7A2BBB156E00F62DEE /* MyParticle.sks */; };
		AFCBE7832BB13B7E00072EA3 /* ContentViewModel.swift in Sources */ = {isa = PBXBuildFile; fileRef = AFCBE7822BB13B7E00072EA3 /* ContentViewModel.swift */; };
		AFCBE7852BB13BC900072EA3 /* AuthService.swift in Sources */ = {isa = PBXBuildFile; fileRef = AFCBE7842BB13BC900072EA3 /* AuthService.swift */; };
		AFCBE7872BB13C4C00072EA3 /* GoogleService-Info.plist in Resources */ = {isa = PBXBuildFile; fileRef = AFCBE7862BB13C4C00072EA3 /* GoogleService-Info.plist */; };
		AFF37B0F2BB143C200D679D5 /* assets.xcassets in Resources */ = {isa = PBXBuildFile; fileRef = AFF37B0E2BB143C200D679D5 /* assets.xcassets */; };
		AFF37B152BB153C900D679D5 /* RegistrationViewModel.swift in Sources */ = {isa = PBXBuildFile; fileRef = AFF37B142BB153C900D679D5 /* RegistrationViewModel.swift */; };
		AFF37B172BB1903400D679D5 /* RoleChoice.swift in Sources */ = {isa = PBXBuildFile; fileRef = AFF37B162BB1903400D679D5 /* RoleChoice.swift */; };
		AFF37B192BB1A19D00D679D5 /* LoginViewModel.swift in Sources */ = {isa = PBXBuildFile; fileRef = AFF37B182BB1A19D00D679D5 /* LoginViewModel.swift */; };
		AFF37B1B2BB1B2C800D679D5 /* ForumPost.swift in Sources */ = {isa = PBXBuildFile; fileRef = AFF37B1A2BB1B2C800D679D5 /* ForumPost.swift */; };
		AFF37B1D2BB1B2E100D679D5 /* ExerciseVideoPost.swift in Sources */ = {isa = PBXBuildFile; fileRef = AFF37B1C2BB1B2E100D679D5 /* ExerciseVideoPost.swift */; };
		AFF37B202BB1C14200D679D5 /* UserService.swift in Sources */ = {isa = PBXBuildFile; fileRef = AFF37B1F2BB1C14200D679D5 /* UserService.swift */; };
		AFF37B242BB1C29500D679D5 /* SearchViewModel.swift in Sources */ = {isa = PBXBuildFile; fileRef = AFF37B232BB1C29500D679D5 /* SearchViewModel.swift */; };
/* End PBXBuildFile section */

/* Begin PBXFileReference section */
		AF241DEC2BB9BF2300B892DB /* CoachTabView.swift */ = {isa = PBXFileReference; lastKnownFileType = sourcecode.swift; path = CoachTabView.swift; sourceTree = "<group>"; };
		AF241DEE2BB9D62800B892DB /* String + validEmail.swift */ = {isa = PBXFileReference; lastKnownFileType = sourcecode.swift; path = "String + validEmail.swift"; sourceTree = "<group>"; };
		AF24EAD92BC06C53000E8838 /* appVersionGetter.swift */ = {isa = PBXFileReference; lastKnownFileType = sourcecode.swift; path = appVersionGetter.swift; sourceTree = "<group>"; };
		AF383AED2BB1EAB100EB7833 /* LottieLoader.swift */ = {isa = PBXFileReference; lastKnownFileType = sourcecode.swift; path = LottieLoader.swift; sourceTree = "<group>"; };
		AF383AEF2BB1EB4800EB7833 /* gym11.json */ = {isa = PBXFileReference; fileEncoding = 4; lastKnownFileType = text.json; path = gym11.json; sourceTree = "<group>"; };
		AF4DB74A2BB3381D007D4D26 /* EditProfileView.swift */ = {isa = PBXFileReference; lastKnownFileType = sourcecode.swift; path = EditProfileView.swift; sourceTree = "<group>"; };
		AF4DB7502BB341CA007D4D26 /* EditProfileViewModel.swift */ = {isa = PBXFileReference; lastKnownFileType = sourcecode.swift; path = EditProfileViewModel.swift; sourceTree = "<group>"; };
		AF6ACB092BB3D3C3002FBB00 /* ImageUploader.swift */ = {isa = PBXFileReference; lastKnownFileType = sourcecode.swift; path = ImageUploader.swift; sourceTree = "<group>"; };
		AF6ACB622BB40ABD002FBB00 /* CircularProfileImageView.swift */ = {isa = PBXFileReference; lastKnownFileType = sourcecode.swift; path = CircularProfileImageView.swift; sourceTree = "<group>"; };
		AF6ACB682BB46DB2002FBB00 /* FeedViewModel.swift */ = {isa = PBXFileReference; lastKnownFileType = sourcecode.swift; path = FeedViewModel.swift; sourceTree = "<group>"; };
		AF6ACB6A2BB4780A002FBB00 /* PostService.swift */ = {isa = PBXFileReference; lastKnownFileType = sourcecode.swift; path = PostService.swift; sourceTree = "<group>"; };
		AF6ACB6E2BB47C87002FBB00 /* PostGridViewModel.swift */ = {isa = PBXFileReference; lastKnownFileType = sourcecode.swift; path = PostGridViewModel.swift; sourceTree = "<group>"; };
		AF8C6C482BB12D5C00C47306 /* LUPinstaV2.app */ = {isa = PBXFileReference; explicitFileType = wrapper.application; includeInIndex = 0; path = LUPinstaV2.app; sourceTree = BUILT_PRODUCTS_DIR; };
		AF8C6C4B2BB12D5C00C47306 /* LUPinstaV2App.swift */ = {isa = PBXFileReference; lastKnownFileType = sourcecode.swift; path = LUPinstaV2App.swift; sourceTree = "<group>"; };
		AF8C6C4D2BB12D5C00C47306 /* ContentView.swift */ = {isa = PBXFileReference; lastKnownFileType = sourcecode.swift; path = ContentView.swift; sourceTree = "<group>"; };
		AF8C6C522BB12D5D00C47306 /* Preview Assets.xcassets */ = {isa = PBXFileReference; lastKnownFileType = folder.assetcatalog; path = "Preview Assets.xcassets"; sourceTree = "<group>"; };
		AF8C6C662BB12F1A00C47306 /* LoginView.swift */ = {isa = PBXFileReference; lastKnownFileType = sourcecode.swift; path = LoginView.swift; sourceTree = "<group>"; };
		AF8C6C682BB12F2800C47306 /* AddEmailView.swift */ = {isa = PBXFileReference; lastKnownFileType = sourcecode.swift; path = AddEmailView.swift; sourceTree = "<group>"; };
		AF8C6C6A2BB12F3700C47306 /* CreateUsernameView.swift */ = {isa = PBXFileReference; lastKnownFileType = sourcecode.swift; path = CreateUsernameView.swift; sourceTree = "<group>"; };
		AF8C6C6D2BB12F5400C47306 /* CreatePasswordView.swift */ = {isa = PBXFileReference; lastKnownFileType = sourcecode.swift; path = CreatePasswordView.swift; sourceTree = "<group>"; };
		AF8C6C6F2BB12F6600C47306 /* CompleteSignUpView.swift */ = {isa = PBXFileReference; lastKnownFileType = sourcecode.swift; path = CompleteSignUpView.swift; sourceTree = "<group>"; };
		AF8C6C712BB12F7F00C47306 /* UserStatView.swift */ = {isa = PBXFileReference; lastKnownFileType = sourcecode.swift; path = UserStatView.swift; sourceTree = "<group>"; };
		AF8C6C732BB12F9700C47306 /* LUPTextFieldModifier.swift */ = {isa = PBXFileReference; lastKnownFileType = sourcecode.swift; path = LUPTextFieldModifier.swift; sourceTree = "<group>"; };
		AF8C6C752BB12FAB00C47306 /* PostGridView.swift */ = {isa = PBXFileReference; lastKnownFileType = sourcecode.swift; path = PostGridView.swift; sourceTree = "<group>"; };
		AF8C6C772BB12FBE00C47306 /* FeedView.swift */ = {isa = PBXFileReference; lastKnownFileType = sourcecode.swift; path = FeedView.swift; sourceTree = "<group>"; };
		AF8C6C792BB12FC500C47306 /* FeedCell.swift */ = {isa = PBXFileReference; lastKnownFileType = sourcecode.swift; path = FeedCell.swift; sourceTree = "<group>"; };
		AF8C6C7B2BB12FD900C47306 /* ProfileView.swift */ = {isa = PBXFileReference; lastKnownFileType = sourcecode.swift; path = ProfileView.swift; sourceTree = "<group>"; };
		AF8C6C7D2BB12FE800C47306 /* CurrentUserProfileView.swift */ = {isa = PBXFileReference; lastKnownFileType = sourcecode.swift; path = CurrentUserProfileView.swift; sourceTree = "<group>"; };
		AF8C6C7F2BB12FFB00C47306 /* ProfileHeaderView.swift */ = {isa = PBXFileReference; lastKnownFileType = sourcecode.swift; path = ProfileHeaderView.swift; sourceTree = "<group>"; };
		AF8C6C812BB1301600C47306 /* SearchView.swift */ = {isa = PBXFileReference; lastKnownFileType = sourcecode.swift; path = SearchView.swift; sourceTree = "<group>"; };
		AF8C6C832BB1309000C47306 /* TraineeTabView.swift */ = {isa = PBXFileReference; lastKnownFileType = sourcecode.swift; path = TraineeTabView.swift; sourceTree = "<group>"; };
		AF8C6C852BB130A400C47306 /* UploadPostView.swift */ = {isa = PBXFileReference; lastKnownFileType = sourcecode.swift; path = UploadPostView.swift; sourceTree = "<group>"; };
		AF8C6C872BB130B100C47306 /* UploadPostViewModel.swift */ = {isa = PBXFileReference; lastKnownFileType = sourcecode.swift; path = UploadPostViewModel.swift; sourceTree = "<group>"; };
		AF8C6C892BB130CA00C47306 /* User.swift */ = {isa = PBXFileReference; lastKnownFileType = sourcecode.swift; path = User.swift; sourceTree = "<group>"; };
		AF8C6C8B2BB130E000C47306 /* Post.swift */ = {isa = PBXFileReference; lastKnownFileType = sourcecode.swift; path = Post.swift; sourceTree = "<group>"; };
		AF8C6C8D2BB130F000C47306 /* ExerciseSession.swift */ = {isa = PBXFileReference; lastKnownFileType = sourcecode.swift; path = ExerciseSession.swift; sourceTree = "<group>"; };
		AF9B639F2BC3066A001209BA /* MainMessagesView.swift */ = {isa = PBXFileReference; lastKnownFileType = sourcecode.swift; path = MainMessagesView.swift; sourceTree = "<group>"; };
		AF9B63A42BC3DC53001209BA /* ChatUser.swift */ = {isa = PBXFileReference; fileEncoding = 4; lastKnownFileType = sourcecode.swift; path = ChatUser.swift; sourceTree = "<group>"; };
		AF9B63A52BC3DC53001209BA /* ChatMessage.swift */ = {isa = PBXFileReference; fileEncoding = 4; lastKnownFileType = sourcecode.swift; path = ChatMessage.swift; sourceTree = "<group>"; };
		AF9B63A62BC3DC53001209BA /* RecentMessage.swift */ = {isa = PBXFileReference; fileEncoding = 4; lastKnownFileType = sourcecode.swift; path = RecentMessage.swift; sourceTree = "<group>"; };
		AFA08D742BBB13E800F62DEE /* ButtonStylePressed.swift */ = {isa = PBXFileReference; lastKnownFileType = sourcecode.swift; path = ButtonStylePressed.swift; sourceTree = "<group>"; };
		AFA08D772BBB150B00F62DEE /* Assets.xcassets */ = {isa = PBXFileReference; lastKnownFileType = folder.assetcatalog; path = Assets.xcassets; sourceTree = "<group>"; };
		AFA08D7A2BBB156E00F62DEE /* MyParticle.sks */ = {isa = PBXFileReference; lastKnownFileType = file.sks; path = MyParticle.sks; sourceTree = "<group>"; };
		AFCBE7822BB13B7E00072EA3 /* ContentViewModel.swift */ = {isa = PBXFileReference; lastKnownFileType = sourcecode.swift; path = ContentViewModel.swift; sourceTree = "<group>"; };
		AFCBE7842BB13BC900072EA3 /* AuthService.swift */ = {isa = PBXFileReference; lastKnownFileType = sourcecode.swift; path = AuthService.swift; sourceTree = "<group>"; };
		AFCBE7862BB13C4C00072EA3 /* GoogleService-Info.plist */ = {isa = PBXFileReference; fileEncoding = 4; lastKnownFileType = text.plist.xml; path = "GoogleService-Info.plist"; sourceTree = "<group>"; };
		AFF37B0E2BB143C200D679D5 /* assets.xcassets */ = {isa = PBXFileReference; lastKnownFileType = folder.assetcatalog; path = assets.xcassets; sourceTree = "<group>"; };
		AFF37B142BB153C900D679D5 /* RegistrationViewModel.swift */ = {isa = PBXFileReference; lastKnownFileType = sourcecode.swift; path = RegistrationViewModel.swift; sourceTree = "<group>"; };
		AFF37B162BB1903400D679D5 /* RoleChoice.swift */ = {isa = PBXFileReference; lastKnownFileType = sourcecode.swift; path = RoleChoice.swift; sourceTree = "<group>"; };
		AFF37B182BB1A19D00D679D5 /* LoginViewModel.swift */ = {isa = PBXFileReference; lastKnownFileType = sourcecode.swift; path = LoginViewModel.swift; sourceTree = "<group>"; };
		AFF37B1A2BB1B2C800D679D5 /* ForumPost.swift */ = {isa = PBXFileReference; lastKnownFileType = sourcecode.swift; path = ForumPost.swift; sourceTree = "<group>"; };
		AFF37B1C2BB1B2E100D679D5 /* ExerciseVideoPost.swift */ = {isa = PBXFileReference; lastKnownFileType = sourcecode.swift; path = ExerciseVideoPost.swift; sourceTree = "<group>"; };
		AFF37B1F2BB1C14200D679D5 /* UserService.swift */ = {isa = PBXFileReference; lastKnownFileType = sourcecode.swift; path = UserService.swift; sourceTree = "<group>"; };
		AFF37B232BB1C29500D679D5 /* SearchViewModel.swift */ = {isa = PBXFileReference; lastKnownFileType = sourcecode.swift; path = SearchViewModel.swift; sourceTree = "<group>"; };
/* End PBXFileReference section */

/* Begin PBXFrameworksBuildPhase section */
		AF8C6C452BB12D5C00C47306 /* Frameworks */ = {
			isa = PBXFrameworksBuildPhase;
			buildActionMask = 2147483647;
			files = (
				AF6ACB0D2BB3DC1E002FBB00 /* Kingfisher in Frameworks */,
				AF383AEC2BB1E9FD00EB7833 /* Lottie in Frameworks */,
				AF8C6C912BB1336F00C47306 /* FirebaseAuth in Frameworks */,
				AF8C6C972BB1336F00C47306 /* FirebaseStorage in Frameworks */,
				AF8C6C932BB1336F00C47306 /* FirebaseFirestore in Frameworks */,
				AF8C6C952BB1336F00C47306 /* FirebaseFirestoreSwift in Frameworks */,
			);
			runOnlyForDeploymentPostprocessing = 0;
		};
/* End PBXFrameworksBuildPhase section */

/* Begin PBXGroup section */
		AF4DB74E2BB34151007D4D26 /* View */ = {
			isa = PBXGroup;
			children = (
				AF8C6C7B2BB12FD900C47306 /* ProfileView.swift */,
				AF8C6C7D2BB12FE800C47306 /* CurrentUserProfileView.swift */,
				AF8C6C7F2BB12FFB00C47306 /* ProfileHeaderView.swift */,
				AF4DB74A2BB3381D007D4D26 /* EditProfileView.swift */,
			);
			path = View;
			sourceTree = "<group>";
		};
		AF4DB74F2BB3415A007D4D26 /* ViewModel */ = {
			isa = PBXGroup;
			children = (
				AF4DB7502BB341CA007D4D26 /* EditProfileViewModel.swift */,
			);
			path = ViewModel;
			sourceTree = "<group>";
		};
		AF50CB312BB5BFC900E86754 /* Coach App */ = {
			isa = PBXGroup;
			children = (
				AF50CB322BB5C00F00E86754 /* CoachTabBar */,
			);
			path = "Coach App";
			sourceTree = "<group>";
		};
		AF50CB322BB5C00F00E86754 /* CoachTabBar */ = {
			isa = PBXGroup;
			children = (
				AF241DEC2BB9BF2300B892DB /* CoachTabView.swift */,
			);
			path = CoachTabBar;
			sourceTree = "<group>";
		};
		AF6ACB642BB41FAE002FBB00 /* ViewModel */ = {
			isa = PBXGroup;
			children = (
				AF8C6C872BB130B100C47306 /* UploadPostViewModel.swift */,
			);
			path = ViewModel;
			sourceTree = "<group>";
		};
		AF6ACB652BB41FBE002FBB00 /* View */ = {
			isa = PBXGroup;
			children = (
				AF8C6C852BB130A400C47306 /* UploadPostView.swift */,
			);
			path = View;
			sourceTree = "<group>";
		};
		AF6ACB662BB46D94002FBB00 /* View */ = {
			isa = PBXGroup;
			children = (
				AF8C6C772BB12FBE00C47306 /* FeedView.swift */,
				AF8C6C792BB12FC500C47306 /* FeedCell.swift */,
			);
			path = View;
			sourceTree = "<group>";
		};
		AF6ACB672BB46D99002FBB00 /* ViewModel */ = {
			isa = PBXGroup;
			children = (
				AF6ACB682BB46DB2002FBB00 /* FeedViewModel.swift */,
			);
			path = ViewModel;
			sourceTree = "<group>";
		};
		AF6ACB6C2BB47C59002FBB00 /* View */ = {
			isa = PBXGroup;
			children = (
				AF8C6C712BB12F7F00C47306 /* UserStatView.swift */,
				AF8C6C732BB12F9700C47306 /* LUPTextFieldModifier.swift */,
				AF8C6C752BB12FAB00C47306 /* PostGridView.swift */,
				AF6ACB622BB40ABD002FBB00 /* CircularProfileImageView.swift */,
			);
			path = View;
			sourceTree = "<group>";
		};
		AF6ACB6D2BB47C5F002FBB00 /* ViewModel */ = {
			isa = PBXGroup;
			children = (
				AF6ACB6E2BB47C87002FBB00 /* PostGridViewModel.swift */,
			);
			path = ViewModel;
			sourceTree = "<group>";
		};
		AF8C6C3F2BB12D5C00C47306 = {
			isa = PBXGroup;
			children = (
				AF8C6C4A2BB12D5C00C47306 /* LUPinstaV2 */,
				AF8C6C492BB12D5C00C47306 /* Products */,
			);
			sourceTree = "<group>";
		};
		AF8C6C492BB12D5C00C47306 /* Products */ = {
			isa = PBXGroup;
			children = (
				AF8C6C482BB12D5C00C47306 /* LUPinstaV2.app */,
			);
			name = Products;
			sourceTree = "<group>";
		};
		AF8C6C4A2BB12D5C00C47306 /* LUPinstaV2 */ = {
			isa = PBXGroup;
			children = (
				AF8C6C592BB12DE000C47306 /* App */,
				AF8C6C5A2BB12DE800C47306 /* Core */,
				AF8C6C5D2BB12E2900C47306 /* Extentions */,
				AF8C6C5C2BB12E1F00C47306 /* Model */,
				AFF37B1E2BB1C11B00D679D5 /* Services */,
				AF8C6C512BB12D5D00C47306 /* Preview Content */,
				AF383AEF2BB1EB4800EB7833 /* gym11.json */,
				AF50CB312BB5BFC900E86754 /* Coach App */,
				AFF37B0E2BB143C200D679D5 /* assets.xcassets */,
				AF9B639B2BC305E7001209BA /* Messaging */,
				AFCBE7862BB13C4C00072EA3 /* GoogleService-Info.plist */,
			);
			path = LUPinstaV2;
			sourceTree = "<group>";
		};
		AF8C6C512BB12D5D00C47306 /* Preview Content */ = {
			isa = PBXGroup;
			children = (
				AF8C6C522BB12D5D00C47306 /* Preview Assets.xcassets */,
			);
			path = "Preview Content";
			sourceTree = "<group>";
		};
		AF8C6C592BB12DE000C47306 /* App */ = {
			isa = PBXGroup;
			children = (
				AF8C6C4B2BB12D5C00C47306 /* LUPinstaV2App.swift */,
			);
			path = App;
			sourceTree = "<group>";
		};
		AF8C6C5A2BB12DE800C47306 /* Core */ = {
			isa = PBXGroup;
			children = (
				AF8C6C5E2BB12E6F00C47306 /* Authentication */,
				AF8C6C652BB12EBB00C47306 /* Components */,
				AF8C6C642BB12EAE00C47306 /* Feed */,
				AF8C6C632BB12EA400C47306 /* Profile */,
				AF8C6C622BB12E9D00C47306 /* Root */,
				AF8C6C612BB12E9400C47306 /* Search */,
				AF8C6C602BB12E8B00C47306 /* TabBar */,
				AF8C6C5F2BB12E7E00C47306 /* UploadPost */,
			);
			path = Core;
			sourceTree = "<group>";
		};
		AF8C6C5B2BB12E1900C47306 /* Service */ = {
			isa = PBXGroup;
			children = (
				AFCBE7842BB13BC900072EA3 /* AuthService.swift */,
			);
			path = Service;
			sourceTree = "<group>";
		};
		AF8C6C5C2BB12E1F00C47306 /* Model */ = {
			isa = PBXGroup;
			children = (
				AF8C6C892BB130CA00C47306 /* User.swift */,
				AF8C6C8B2BB130E000C47306 /* Post.swift */,
				AF8C6C8D2BB130F000C47306 /* ExerciseSession.swift */,
				AFF37B1A2BB1B2C800D679D5 /* ForumPost.swift */,
				AFF37B1C2BB1B2E100D679D5 /* ExerciseVideoPost.swift */,
			);
			path = Model;
			sourceTree = "<group>";
		};
		AF8C6C5D2BB12E2900C47306 /* Extentions */ = {
			isa = PBXGroup;
			children = (
				AF241DEE2BB9D62800B892DB /* String + validEmail.swift */,
				AFA08D742BBB13E800F62DEE /* ButtonStylePressed.swift */,
				AF24EAD92BC06C53000E8838 /* appVersionGetter.swift */,
			);
			path = Extentions;
			sourceTree = "<group>";
		};
		AF8C6C5E2BB12E6F00C47306 /* Authentication */ = {
			isa = PBXGroup;
			children = (
				AFF37B102BB14EE500D679D5 /* View */,
				AFF37B132BB153AB00D679D5 /* ViewModel */,
				AF8C6C5B2BB12E1900C47306 /* Service */,
			);
			path = Authentication;
			sourceTree = "<group>";
		};
		AF8C6C5F2BB12E7E00C47306 /* UploadPost */ = {
			isa = PBXGroup;
			children = (
				AF6ACB652BB41FBE002FBB00 /* View */,
				AF6ACB642BB41FAE002FBB00 /* ViewModel */,
			);
			path = UploadPost;
			sourceTree = "<group>";
		};
		AF8C6C602BB12E8B00C47306 /* TabBar */ = {
			isa = PBXGroup;
			children = (
				AF8C6C832BB1309000C47306 /* TraineeTabView.swift */,
			);
			path = TabBar;
			sourceTree = "<group>";
		};
		AF8C6C612BB12E9400C47306 /* Search */ = {
			isa = PBXGroup;
			children = (
				AFF37B212BB1C26900D679D5 /* View */,
				AFF37B222BB1C27000D679D5 /* ViewModel */,
			);
			path = Search;
			sourceTree = "<group>";
		};
		AF8C6C622BB12E9D00C47306 /* Root */ = {
			isa = PBXGroup;
			children = (
				AFF37B122BB150A800D679D5 /* ViewModel */,
				AFF37B112BB150A300D679D5 /* View */,
			);
			path = Root;
			sourceTree = "<group>";
		};
		AF8C6C632BB12EA400C47306 /* Profile */ = {
			isa = PBXGroup;
			children = (
				AF4DB74E2BB34151007D4D26 /* View */,
				AF4DB74F2BB3415A007D4D26 /* ViewModel */,
			);
			path = Profile;
			sourceTree = "<group>";
		};
		AF8C6C642BB12EAE00C47306 /* Feed */ = {
			isa = PBXGroup;
			children = (
				AF6ACB662BB46D94002FBB00 /* View */,
				AF6ACB672BB46D99002FBB00 /* ViewModel */,
			);
			path = Feed;
			sourceTree = "<group>";
		};
		AF8C6C652BB12EBB00C47306 /* Components */ = {
			isa = PBXGroup;
			children = (
				AF6ACB6C2BB47C59002FBB00 /* View */,
				AF6ACB6D2BB47C5F002FBB00 /* ViewModel */,
			);
			path = Components;
			sourceTree = "<group>";
		};
		AF9B639B2BC305E7001209BA /* Messaging */ = {
			isa = PBXGroup;
			children = (
				AF9B63A32BC3DC39001209BA /* Models */,
				AF9B63AA2BC3DC71001209BA /* View */,
			);
			path = Messaging;
			sourceTree = "<group>";
		};
		AF9B63A32BC3DC39001209BA /* Models */ = {
			isa = PBXGroup;
			children = (
				AF9B63A52BC3DC53001209BA /* ChatMessage.swift */,
				AF9B63A42BC3DC53001209BA /* ChatUser.swift */,
				AF9B63A62BC3DC53001209BA /* RecentMessage.swift */,
			);
			path = Models;
			sourceTree = "<group>";
		};
		AF9B63AA2BC3DC71001209BA /* View */ = {
			isa = PBXGroup;
			children = (
				AF9B639F2BC3066A001209BA /* MainMessagesView.swift */,
			);
			path = View;
			sourceTree = "<group>";
		};
		AFF37B102BB14EE500D679D5 /* View */ = {
			isa = PBXGroup;
			children = (
				AF8C6C662BB12F1A00C47306 /* LoginView.swift */,
				AF8C6C682BB12F2800C47306 /* AddEmailView.swift */,
				AF8C6C6A2BB12F3700C47306 /* CreateUsernameView.swift */,
				AF8C6C6D2BB12F5400C47306 /* CreatePasswordView.swift */,
				AFF37B162BB1903400D679D5 /* RoleChoice.swift */,
				AF8C6C6F2BB12F6600C47306 /* CompleteSignUpView.swift */,
				AFA08D7A2BBB156E00F62DEE /* MyParticle.sks */,
				AFA08D772BBB150B00F62DEE /* Assets.xcassets */,
			);
			path = View;
			sourceTree = "<group>";
		};
		AFF37B112BB150A300D679D5 /* View */ = {
			isa = PBXGroup;
			children = (
				AF8C6C4D2BB12D5C00C47306 /* ContentView.swift */,
			);
			path = View;
			sourceTree = "<group>";
		};
		AFF37B122BB150A800D679D5 /* ViewModel */ = {
			isa = PBXGroup;
			children = (
				AFCBE7822BB13B7E00072EA3 /* ContentViewModel.swift */,
			);
			path = ViewModel;
			sourceTree = "<group>";
		};
		AFF37B132BB153AB00D679D5 /* ViewModel */ = {
			isa = PBXGroup;
			children = (
				AFF37B142BB153C900D679D5 /* RegistrationViewModel.swift */,
				AFF37B182BB1A19D00D679D5 /* LoginViewModel.swift */,
			);
			path = ViewModel;
			sourceTree = "<group>";
		};
		AFF37B1E2BB1C11B00D679D5 /* Services */ = {
			isa = PBXGroup;
			children = (
				AFF37B1F2BB1C14200D679D5 /* UserService.swift */,
				AF383AED2BB1EAB100EB7833 /* LottieLoader.swift */,
				AF6ACB092BB3D3C3002FBB00 /* ImageUploader.swift */,
				AF6ACB6A2BB4780A002FBB00 /* PostService.swift */,
			);
			path = Services;
			sourceTree = "<group>";
		};
		AFF37B212BB1C26900D679D5 /* View */ = {
			isa = PBXGroup;
			children = (
				AF8C6C812BB1301600C47306 /* SearchView.swift */,
			);
			path = View;
			sourceTree = "<group>";
		};
		AFF37B222BB1C27000D679D5 /* ViewModel */ = {
			isa = PBXGroup;
			children = (
				AFF37B232BB1C29500D679D5 /* SearchViewModel.swift */,
			);
			path = ViewModel;
			sourceTree = "<group>";
		};
/* End PBXGroup section */

/* Begin PBXNativeTarget section */
		AF8C6C472BB12D5C00C47306 /* LUPinstaV2 */ = {
			isa = PBXNativeTarget;
			buildConfigurationList = AF8C6C562BB12D5D00C47306 /* Build configuration list for PBXNativeTarget "LUPinstaV2" */;
			buildPhases = (
				AF8C6C442BB12D5C00C47306 /* Sources */,
				AF8C6C452BB12D5C00C47306 /* Frameworks */,
				AF8C6C462BB12D5C00C47306 /* Resources */,
			);
			buildRules = (
			);
			dependencies = (
			);
			name = LUPinstaV2;
			packageProductDependencies = (
				AF8C6C902BB1336F00C47306 /* FirebaseAuth */,
				AF8C6C922BB1336F00C47306 /* FirebaseFirestore */,
				AF8C6C942BB1336F00C47306 /* FirebaseFirestoreSwift */,
				AF8C6C962BB1336F00C47306 /* FirebaseStorage */,
				AF383AEB2BB1E9FD00EB7833 /* Lottie */,
				AF6ACB0C2BB3DC1E002FBB00 /* Kingfisher */,
			);
			productName = LUPinstaV2;
			productReference = AF8C6C482BB12D5C00C47306 /* LUPinstaV2.app */;
			productType = "com.apple.product-type.application";
		};
/* End PBXNativeTarget section */

/* Begin PBXProject section */
		AF8C6C402BB12D5C00C47306 /* Project object */ = {
			isa = PBXProject;
			attributes = {
				BuildIndependentTargetsInParallel = 1;
				LastSwiftUpdateCheck = 1530;
				LastUpgradeCheck = 1530;
				TargetAttributes = {
					AF8C6C472BB12D5C00C47306 = {
						CreatedOnToolsVersion = 15.3;
					};
				};
			};
			buildConfigurationList = AF8C6C432BB12D5C00C47306 /* Build configuration list for PBXProject "LUPinstaV2" */;
			compatibilityVersion = "Xcode 14.0";
			developmentRegion = en;
			hasScannedForEncodings = 0;
			knownRegions = (
				en,
				Base,
			);
			mainGroup = AF8C6C3F2BB12D5C00C47306;
			packageReferences = (
				AF8C6C8F2BB1336F00C47306 /* XCRemoteSwiftPackageReference "firebase-ios-sdk" */,
				AF383AEA2BB1E9FD00EB7833 /* XCRemoteSwiftPackageReference "lottie-ios" */,
				AF6ACB0B2BB3DC1E002FBB00 /* XCRemoteSwiftPackageReference "Kingfisher" */,
			);
			productRefGroup = AF8C6C492BB12D5C00C47306 /* Products */;
			projectDirPath = "";
			projectRoot = "";
			targets = (
				AF8C6C472BB12D5C00C47306 /* LUPinstaV2 */,
			);
		};
/* End PBXProject section */

/* Begin PBXResourcesBuildPhase section */
		AF8C6C462BB12D5C00C47306 /* Resources */ = {
			isa = PBXResourcesBuildPhase;
			buildActionMask = 2147483647;
			files = (
				AF8C6C532BB12D5D00C47306 /* Preview Assets.xcassets in Resources */,
				AF383AF02BB1EB4900EB7833 /* gym11.json in Resources */,
				AFCBE7872BB13C4C00072EA3 /* GoogleService-Info.plist in Resources */,
				AFF37B0F2BB143C200D679D5 /* assets.xcassets in Resources */,
				AFA08D7B2BBB156E00F62DEE /* MyParticle.sks in Resources */,
				AFA08D792BBB150B00F62DEE /* Assets.xcassets in Resources */,
			);
			runOnlyForDeploymentPostprocessing = 0;
		};
/* End PBXResourcesBuildPhase section */

/* Begin PBXSourcesBuildPhase section */
		AF8C6C442BB12D5C00C47306 /* Sources */ = {
			isa = PBXSourcesBuildPhase;
			buildActionMask = 2147483647;
			files = (
				AF6ACB692BB46DB2002FBB00 /* FeedViewModel.swift in Sources */,
				AFF37B172BB1903400D679D5 /* RoleChoice.swift in Sources */,
				AF6ACB632BB40ABD002FBB00 /* CircularProfileImageView.swift in Sources */,
				AF9B63A92BC3DC53001209BA /* RecentMessage.swift in Sources */,
				AFF37B1D2BB1B2E100D679D5 /* ExerciseVideoPost.swift in Sources */,
				AF8C6C702BB12F6600C47306 /* CompleteSignUpView.swift in Sources */,
				AF4DB74B2BB3381D007D4D26 /* EditProfileView.swift in Sources */,
				AF8C6C7C2BB12FD900C47306 /* ProfileView.swift in Sources */,
				AF9B63A82BC3DC53001209BA /* ChatMessage.swift in Sources */,
				AF8C6C4E2BB12D5C00C47306 /* ContentView.swift in Sources */,
				AF241DEF2BB9D62800B892DB /* String + validEmail.swift in Sources */,
				AF8C6C7E2BB12FE800C47306 /* CurrentUserProfileView.swift in Sources */,
				AF6ACB0A2BB3D3C3002FBB00 /* ImageUploader.swift in Sources */,
				AF8C6C882BB130B100C47306 /* UploadPostViewModel.swift in Sources */,
				AF8C6C6B2BB12F3700C47306 /* CreateUsernameView.swift in Sources */,
				AF8C6C722BB12F7F00C47306 /* UserStatView.swift in Sources */,
				AFF37B192BB1A19D00D679D5 /* LoginViewModel.swift in Sources */,
				AF8C6C692BB12F2800C47306 /* AddEmailView.swift in Sources */,
				AF8C6C8A2BB130CA00C47306 /* User.swift in Sources */,
				AF8C6C862BB130A400C47306 /* UploadPostView.swift in Sources */,
				AF8C6C8E2BB130F000C47306 /* ExerciseSession.swift in Sources */,
				AF8C6C802BB12FFB00C47306 /* ProfileHeaderView.swift in Sources */,
				AFCBE7832BB13B7E00072EA3 /* ContentViewModel.swift in Sources */,
				AFA08D752BBB13E800F62DEE /* ButtonStylePressed.swift in Sources */,
				AF8C6C7A2BB12FC500C47306 /* FeedCell.swift in Sources */,
				AF241DED2BB9BF2300B892DB /* CoachTabView.swift in Sources */,
				AF8C6C8C2BB130E000C47306 /* Post.swift in Sources */,
				AFCBE7852BB13BC900072EA3 /* AuthService.swift in Sources */,
				AF8C6C842BB1309000C47306 /* TraineeTabView.swift in Sources */,
				AF8C6C6E2BB12F5400C47306 /* CreatePasswordView.swift in Sources */,
				AF6ACB6F2BB47C87002FBB00 /* PostGridViewModel.swift in Sources */,
				AF9B63A02BC3066A001209BA /* MainMessagesView.swift in Sources */,
				AF383AEE2BB1EAB100EB7833 /* LottieLoader.swift in Sources */,
				AF8C6C782BB12FBE00C47306 /* FeedView.swift in Sources */,
				AF8C6C4C2BB12D5C00C47306 /* LUPinstaV2App.swift in Sources */,
				AF24EADA2BC06C53000E8838 /* appVersionGetter.swift in Sources */,
				AFF37B152BB153C900D679D5 /* RegistrationViewModel.swift in Sources */,
				AF4DB7512BB341CA007D4D26 /* EditProfileViewModel.swift in Sources */,
				AFF37B242BB1C29500D679D5 /* SearchViewModel.swift in Sources */,
				AF8C6C822BB1301600C47306 /* SearchView.swift in Sources */,
				AF8C6C742BB12F9700C47306 /* LUPTextFieldModifier.swift in Sources */,
				AF9B63A72BC3DC53001209BA /* ChatUser.swift in Sources */,
				AF6ACB6B2BB4780A002FBB00 /* PostService.swift in Sources */,
				AFF37B202BB1C14200D679D5 /* UserService.swift in Sources */,
				AFF37B1B2BB1B2C800D679D5 /* ForumPost.swift in Sources */,
				AF8C6C762BB12FAB00C47306 /* PostGridView.swift in Sources */,
				AF8C6C672BB12F1A00C47306 /* LoginView.swift in Sources */,
			);
			runOnlyForDeploymentPostprocessing = 0;
		};
/* End PBXSourcesBuildPhase section */

/* Begin XCBuildConfiguration section */
		AF8C6C542BB12D5D00C47306 /* Debug */ = {
			isa = XCBuildConfiguration;
			buildSettings = {
				ALWAYS_SEARCH_USER_PATHS = NO;
				ASSETCATALOG_COMPILER_GENERATE_SWIFT_ASSET_SYMBOL_EXTENSIONS = YES;
				CLANG_ANALYZER_NONNULL = YES;
				CLANG_ANALYZER_NUMBER_OBJECT_CONVERSION = YES_AGGRESSIVE;
				CLANG_CXX_LANGUAGE_STANDARD = "gnu++20";
				CLANG_ENABLE_MODULES = YES;
				CLANG_ENABLE_OBJC_ARC = YES;
				CLANG_ENABLE_OBJC_WEAK = YES;
				CLANG_WARN_BLOCK_CAPTURE_AUTORELEASING = YES;
				CLANG_WARN_BOOL_CONVERSION = YES;
				CLANG_WARN_COMMA = YES;
				CLANG_WARN_CONSTANT_CONVERSION = YES;
				CLANG_WARN_DEPRECATED_OBJC_IMPLEMENTATIONS = YES;
				CLANG_WARN_DIRECT_OBJC_ISA_USAGE = YES_ERROR;
				CLANG_WARN_DOCUMENTATION_COMMENTS = YES;
				CLANG_WARN_EMPTY_BODY = YES;
				CLANG_WARN_ENUM_CONVERSION = YES;
				CLANG_WARN_INFINITE_RECURSION = YES;
				CLANG_WARN_INT_CONVERSION = YES;
				CLANG_WARN_NON_LITERAL_NULL_CONVERSION = YES;
				CLANG_WARN_OBJC_IMPLICIT_RETAIN_SELF = YES;
				CLANG_WARN_OBJC_LITERAL_CONVERSION = YES;
				CLANG_WARN_OBJC_ROOT_CLASS = YES_ERROR;
				CLANG_WARN_QUOTED_INCLUDE_IN_FRAMEWORK_HEADER = YES;
				CLANG_WARN_RANGE_LOOP_ANALYSIS = YES;
				CLANG_WARN_STRICT_PROTOTYPES = YES;
				CLANG_WARN_SUSPICIOUS_MOVE = YES;
				CLANG_WARN_UNGUARDED_AVAILABILITY = YES_AGGRESSIVE;
				CLANG_WARN_UNREACHABLE_CODE = YES;
				CLANG_WARN__DUPLICATE_METHOD_MATCH = YES;
				COPY_PHASE_STRIP = NO;
				DEBUG_INFORMATION_FORMAT = dwarf;
				ENABLE_STRICT_OBJC_MSGSEND = YES;
				ENABLE_TESTABILITY = YES;
				ENABLE_USER_SCRIPT_SANDBOXING = YES;
				GCC_C_LANGUAGE_STANDARD = gnu17;
				GCC_DYNAMIC_NO_PIC = NO;
				GCC_NO_COMMON_BLOCKS = YES;
				GCC_OPTIMIZATION_LEVEL = 0;
				GCC_PREPROCESSOR_DEFINITIONS = (
					"DEBUG=1",
					"$(inherited)",
				);
				GCC_WARN_64_TO_32_BIT_CONVERSION = YES;
				GCC_WARN_ABOUT_RETURN_TYPE = YES_ERROR;
				GCC_WARN_UNDECLARED_SELECTOR = YES;
				GCC_WARN_UNINITIALIZED_AUTOS = YES_AGGRESSIVE;
				GCC_WARN_UNUSED_FUNCTION = YES;
				GCC_WARN_UNUSED_VARIABLE = YES;
				IPHONEOS_DEPLOYMENT_TARGET = 17.4;
				LOCALIZATION_PREFERS_STRING_CATALOGS = YES;
				MTL_ENABLE_DEBUG_INFO = INCLUDE_SOURCE;
				MTL_FAST_MATH = YES;
				ONLY_ACTIVE_ARCH = YES;
				SDKROOT = iphoneos;
				SWIFT_ACTIVE_COMPILATION_CONDITIONS = "DEBUG $(inherited)";
				SWIFT_OPTIMIZATION_LEVEL = "-Onone";
			};
			name = Debug;
		};
		AF8C6C552BB12D5D00C47306 /* Release */ = {
			isa = XCBuildConfiguration;
			buildSettings = {
				ALWAYS_SEARCH_USER_PATHS = NO;
				ASSETCATALOG_COMPILER_GENERATE_SWIFT_ASSET_SYMBOL_EXTENSIONS = YES;
				CLANG_ANALYZER_NONNULL = YES;
				CLANG_ANALYZER_NUMBER_OBJECT_CONVERSION = YES_AGGRESSIVE;
				CLANG_CXX_LANGUAGE_STANDARD = "gnu++20";
				CLANG_ENABLE_MODULES = YES;
				CLANG_ENABLE_OBJC_ARC = YES;
				CLANG_ENABLE_OBJC_WEAK = YES;
				CLANG_WARN_BLOCK_CAPTURE_AUTORELEASING = YES;
				CLANG_WARN_BOOL_CONVERSION = YES;
				CLANG_WARN_COMMA = YES;
				CLANG_WARN_CONSTANT_CONVERSION = YES;
				CLANG_WARN_DEPRECATED_OBJC_IMPLEMENTATIONS = YES;
				CLANG_WARN_DIRECT_OBJC_ISA_USAGE = YES_ERROR;
				CLANG_WARN_DOCUMENTATION_COMMENTS = YES;
				CLANG_WARN_EMPTY_BODY = YES;
				CLANG_WARN_ENUM_CONVERSION = YES;
				CLANG_WARN_INFINITE_RECURSION = YES;
				CLANG_WARN_INT_CONVERSION = YES;
				CLANG_WARN_NON_LITERAL_NULL_CONVERSION = YES;
				CLANG_WARN_OBJC_IMPLICIT_RETAIN_SELF = YES;
				CLANG_WARN_OBJC_LITERAL_CONVERSION = YES;
				CLANG_WARN_OBJC_ROOT_CLASS = YES_ERROR;
				CLANG_WARN_QUOTED_INCLUDE_IN_FRAMEWORK_HEADER = YES;
				CLANG_WARN_RANGE_LOOP_ANALYSIS = YES;
				CLANG_WARN_STRICT_PROTOTYPES = YES;
				CLANG_WARN_SUSPICIOUS_MOVE = YES;
				CLANG_WARN_UNGUARDED_AVAILABILITY = YES_AGGRESSIVE;
				CLANG_WARN_UNREACHABLE_CODE = YES;
				CLANG_WARN__DUPLICATE_METHOD_MATCH = YES;
				COPY_PHASE_STRIP = NO;
				DEBUG_INFORMATION_FORMAT = "dwarf-with-dsym";
				ENABLE_NS_ASSERTIONS = NO;
				ENABLE_STRICT_OBJC_MSGSEND = YES;
				ENABLE_USER_SCRIPT_SANDBOXING = YES;
				GCC_C_LANGUAGE_STANDARD = gnu17;
				GCC_NO_COMMON_BLOCKS = YES;
				GCC_WARN_64_TO_32_BIT_CONVERSION = YES;
				GCC_WARN_ABOUT_RETURN_TYPE = YES_ERROR;
				GCC_WARN_UNDECLARED_SELECTOR = YES;
				GCC_WARN_UNINITIALIZED_AUTOS = YES_AGGRESSIVE;
				GCC_WARN_UNUSED_FUNCTION = YES;
				GCC_WARN_UNUSED_VARIABLE = YES;
				IPHONEOS_DEPLOYMENT_TARGET = 17.4;
				LOCALIZATION_PREFERS_STRING_CATALOGS = YES;
				MTL_ENABLE_DEBUG_INFO = NO;
				MTL_FAST_MATH = YES;
				SDKROOT = iphoneos;
				SWIFT_COMPILATION_MODE = wholemodule;
				VALIDATE_PRODUCT = YES;
			};
			name = Release;
		};
		AF8C6C572BB12D5D00C47306 /* Debug */ = {
			isa = XCBuildConfiguration;
			buildSettings = {
				ASSETCATALOG_COMPILER_APPICON_NAME = AppIcon;
				ASSETCATALOG_COMPILER_GLOBAL_ACCENT_COLOR_NAME = AccentColor;
				CODE_SIGN_STYLE = Automatic;
				CURRENT_PROJECT_VERSION = 6;
				DEVELOPMENT_ASSET_PATHS = "\"LUPinstaV2/Preview Content\"";
				DEVELOPMENT_TEAM = 6XA8FNR327;
				ENABLE_PREVIEWS = YES;
				GENERATE_INFOPLIST_FILE = YES;
				INFOPLIST_KEY_UIApplicationSceneManifest_Generation = YES;
				INFOPLIST_KEY_UIApplicationSupportsIndirectInputEvents = YES;
				INFOPLIST_KEY_UILaunchScreen_Generation = YES;
				INFOPLIST_KEY_UISupportedInterfaceOrientations_iPad = "UIInterfaceOrientationPortrait UIInterfaceOrientationPortraitUpsideDown UIInterfaceOrientationLandscapeLeft UIInterfaceOrientationLandscapeRight";
				INFOPLIST_KEY_UISupportedInterfaceOrientations_iPhone = "UIInterfaceOrientationPortrait UIInterfaceOrientationLandscapeLeft UIInterfaceOrientationLandscapeRight";
				IPHONEOS_DEPLOYMENT_TARGET = 17.0;
				LD_RUNPATH_SEARCH_PATHS = (
					"$(inherited)",
					"@executable_path/Frameworks",
				);
				MARKETING_VERSION = 2024.4.6;
				PRODUCT_BUNDLE_IDENTIFIER = com.joaquimenezes.LUPinstaV2;
				PRODUCT_NAME = "$(TARGET_NAME)";
				SWIFT_EMIT_LOC_STRINGS = YES;
				SWIFT_VERSION = 5.0;
				TARGETED_DEVICE_FAMILY = "1,2";
			};
			name = Debug;
		};
		AF8C6C582BB12D5D00C47306 /* Release */ = {
			isa = XCBuildConfiguration;
			buildSettings = {
				ASSETCATALOG_COMPILER_APPICON_NAME = AppIcon;
				ASSETCATALOG_COMPILER_GLOBAL_ACCENT_COLOR_NAME = AccentColor;
				CODE_SIGN_STYLE = Automatic;
				CURRENT_PROJECT_VERSION = 6;
				DEVELOPMENT_ASSET_PATHS = "\"LUPinstaV2/Preview Content\"";
				DEVELOPMENT_TEAM = 6XA8FNR327;
				ENABLE_PREVIEWS = YES;
				GENERATE_INFOPLIST_FILE = YES;
				INFOPLIST_KEY_UIApplicationSceneManifest_Generation = YES;
				INFOPLIST_KEY_UIApplicationSupportsIndirectInputEvents = YES;
				INFOPLIST_KEY_UILaunchScreen_Generation = YES;
				INFOPLIST_KEY_UISupportedInterfaceOrientations_iPad = "UIInterfaceOrientationPortrait UIInterfaceOrientationPortraitUpsideDown UIInterfaceOrientationLandscapeLeft UIInterfaceOrientationLandscapeRight";
				INFOPLIST_KEY_UISupportedInterfaceOrientations_iPhone = "UIInterfaceOrientationPortrait UIInterfaceOrientationLandscapeLeft UIInterfaceOrientationLandscapeRight";
				IPHONEOS_DEPLOYMENT_TARGET = 17.0;
				LD_RUNPATH_SEARCH_PATHS = (
					"$(inherited)",
					"@executable_path/Frameworks",
				);
				MARKETING_VERSION = 2024.4.6;
				PRODUCT_BUNDLE_IDENTIFIER = com.joaquimenezes.LUPinstaV2;
				PRODUCT_NAME = "$(TARGET_NAME)";
				SWIFT_EMIT_LOC_STRINGS = YES;
				SWIFT_VERSION = 5.0;
				TARGETED_DEVICE_FAMILY = "1,2";
			};
			name = Release;
		};
/* End XCBuildConfiguration section */

/* Begin XCConfigurationList section */
		AF8C6C432BB12D5C00C47306 /* Build configuration list for PBXProject "LUPinstaV2" */ = {
			isa = XCConfigurationList;
			buildConfigurations = (
				AF8C6C542BB12D5D00C47306 /* Debug */,
				AF8C6C552BB12D5D00C47306 /* Release */,
			);
			defaultConfigurationIsVisible = 0;
			defaultConfigurationName = Release;
		};
		AF8C6C562BB12D5D00C47306 /* Build configuration list for PBXNativeTarget "LUPinstaV2" */ = {
			isa = XCConfigurationList;
			buildConfigurations = (
				AF8C6C572BB12D5D00C47306 /* Debug */,
				AF8C6C582BB12D5D00C47306 /* Release */,
			);
			defaultConfigurationIsVisible = 0;
			defaultConfigurationName = Release;
		};
/* End XCConfigurationList section */

/* Begin XCRemoteSwiftPackageReference section */
		AF383AEA2BB1E9FD00EB7833 /* XCRemoteSwiftPackageReference "lottie-ios" */ = {
			isa = XCRemoteSwiftPackageReference;
			repositoryURL = "http://github.com/airbnb/lottie-ios";
			requirement = {
				kind = upToNextMajorVersion;
				minimumVersion = 4.4.1;
			};
		};
		AF6ACB0B2BB3DC1E002FBB00 /* XCRemoteSwiftPackageReference "Kingfisher" */ = {
			isa = XCRemoteSwiftPackageReference;
			repositoryURL = "https://github.com/onevcat/Kingfisher.git";
			requirement = {
				kind = upToNextMajorVersion;
				minimumVersion = 7.11.0;
			};
		};
		AF8C6C8F2BB1336F00C47306 /* XCRemoteSwiftPackageReference "firebase-ios-sdk" */ = {
			isa = XCRemoteSwiftPackageReference;
			repositoryURL = "https://github.com/firebase/firebase-ios-sdk";
			requirement = {
				kind = upToNextMajorVersion;
				minimumVersion = 10.23.0;
			};
		};
/* End XCRemoteSwiftPackageReference section */

/* Begin XCSwiftPackageProductDependency section */
		AF383AEB2BB1E9FD00EB7833 /* Lottie */ = {
			isa = XCSwiftPackageProductDependency;
			package = AF383AEA2BB1E9FD00EB7833 /* XCRemoteSwiftPackageReference "lottie-ios" */;
			productName = Lottie;
		};
		AF6ACB0C2BB3DC1E002FBB00 /* Kingfisher */ = {
			isa = XCSwiftPackageProductDependency;
			package = AF6ACB0B2BB3DC1E002FBB00 /* XCRemoteSwiftPackageReference "Kingfisher" */;
			productName = Kingfisher;
		};
		AF8C6C902BB1336F00C47306 /* FirebaseAuth */ = {
			isa = XCSwiftPackageProductDependency;
			package = AF8C6C8F2BB1336F00C47306 /* XCRemoteSwiftPackageReference "firebase-ios-sdk" */;
			productName = FirebaseAuth;
		};
		AF8C6C922BB1336F00C47306 /* FirebaseFirestore */ = {
			isa = XCSwiftPackageProductDependency;
			package = AF8C6C8F2BB1336F00C47306 /* XCRemoteSwiftPackageReference "firebase-ios-sdk" */;
			productName = FirebaseFirestore;
		};
		AF8C6C942BB1336F00C47306 /* FirebaseFirestoreSwift */ = {
			isa = XCSwiftPackageProductDependency;
			package = AF8C6C8F2BB1336F00C47306 /* XCRemoteSwiftPackageReference "firebase-ios-sdk" */;
			productName = FirebaseFirestoreSwift;
		};
		AF8C6C962BB1336F00C47306 /* FirebaseStorage */ = {
			isa = XCSwiftPackageProductDependency;
			package = AF8C6C8F2BB1336F00C47306 /* XCRemoteSwiftPackageReference "firebase-ios-sdk" */;
			productName = FirebaseStorage;
		};
/* End XCSwiftPackageProductDependency section */
	};
	rootObject = AF8C6C402BB12D5C00C47306 /* Project object */;
}
